// !$*UTF8*$!
{
	archiveVersion = 1;
	classes = {
	};
	objectVersion = 46;
	objects = {

/* Begin PBXBuildFile section */
		91CE5D6CBE1B02ABDE1FDF86 /* Pods_PlanHub.framework in Frameworks */ = {isa = PBXBuildFile; fileRef = E066549912073B935DB21AAA /* Pods_PlanHub.framework */; };
		BB2385621B3DD5AB0079CD01 /* AppDelegate.swift in Sources */ = {isa = PBXBuildFile; fileRef = BB2385611B3DD5AB0079CD01 /* AppDelegate.swift */; };
		BB2385641B3DD5AB0079CD01 /* LoginViewController.swift in Sources */ = {isa = PBXBuildFile; fileRef = BB2385631B3DD5AB0079CD01 /* LoginViewController.swift */; };
		BB2385671B3DD5AB0079CD01 /* Main.storyboard in Resources */ = {isa = PBXBuildFile; fileRef = BB2385651B3DD5AB0079CD01 /* Main.storyboard */; };
		BB2385691B3DD5AB0079CD01 /* Images.xcassets in Resources */ = {isa = PBXBuildFile; fileRef = BB2385681B3DD5AB0079CD01 /* Images.xcassets */; };
		BB23856C1B3DD5AB0079CD01 /* LaunchScreen.xib in Resources */ = {isa = PBXBuildFile; fileRef = BB23856A1B3DD5AB0079CD01 /* LaunchScreen.xib */; };
		BB2385841B3DD8660079CD01 /* GroupTableViewController.swift in Sources */ = {isa = PBXBuildFile; fileRef = BB2385831B3DD8660079CD01 /* GroupTableViewController.swift */; };
		BB23858A1B3DD9640079CD01 /* Message.swift in Sources */ = {isa = PBXBuildFile; fileRef = BB2385891B3DD9640079CD01 /* Message.swift */; };
		BB30CD4A1B439B60004B3177 /* MessagesViewController.swift in Sources */ = {isa = PBXBuildFile; fileRef = BB30CD491B439B60004B3177 /* MessagesViewController.swift */; };
		BB7DA5111B42C8100018B530 /* aUser.swift in Sources */ = {isa = PBXBuildFile; fileRef = BB7DA5101B42C8100018B530 /* aUser.swift */; };
		D662C0A220489729000DF94C /* Group.swift in Sources */ = {isa = PBXBuildFile; fileRef = D662C0A120489729000DF94C /* Group.swift */; };
		D6710ECD204F18D300C1FBF4 /* ManageGroupViewController.swift in Sources */ = {isa = PBXBuildFile; fileRef = D6710ECC204F18D300C1FBF4 /* ManageGroupViewController.swift */; };
		D68C491A2048F67300A51271 /* GoogleService-Info.plist in Resources */ = {isa = PBXBuildFile; fileRef = D68C49192048F67200A51271 /* GoogleService-Info.plist */; };
/* End PBXBuildFile section */

/* Begin PBXFileReference section */
		8B026203FC802638E0DC4AFB /* Pods-PlanHub.debug.xcconfig */ = {isa = PBXFileReference; includeInIndex = 1; lastKnownFileType = text.xcconfig; name = "Pods-PlanHub.debug.xcconfig"; path = "Pods/Target Support Files/Pods-PlanHub/Pods-PlanHub.debug.xcconfig"; sourceTree = "<group>"; };
		BB23855C1B3DD5AB0079CD01 /* PlanHub.app */ = {isa = PBXFileReference; explicitFileType = wrapper.application; includeInIndex = 0; path = PlanHub.app; sourceTree = BUILT_PRODUCTS_DIR; };
		BB2385601B3DD5AB0079CD01 /* Info.plist */ = {isa = PBXFileReference; lastKnownFileType = text.plist.xml; path = Info.plist; sourceTree = "<group>"; };
		BB2385611B3DD5AB0079CD01 /* AppDelegate.swift */ = {isa = PBXFileReference; lastKnownFileType = sourcecode.swift; path = AppDelegate.swift; sourceTree = "<group>"; };
		BB2385631B3DD5AB0079CD01 /* LoginViewController.swift */ = {isa = PBXFileReference; lastKnownFileType = sourcecode.swift; path = LoginViewController.swift; sourceTree = "<group>"; };
		BB2385661B3DD5AB0079CD01 /* Base */ = {isa = PBXFileReference; lastKnownFileType = file.storyboard; name = Base; path = Base.lproj/Main.storyboard; sourceTree = "<group>"; };
		BB2385681B3DD5AB0079CD01 /* Images.xcassets */ = {isa = PBXFileReference; lastKnownFileType = folder.assetcatalog; path = Images.xcassets; sourceTree = "<group>"; };
		BB23856B1B3DD5AB0079CD01 /* Base */ = {isa = PBXFileReference; lastKnownFileType = file.xib; name = Base; path = Base.lproj/LaunchScreen.xib; sourceTree = "<group>"; };
		BB2385831B3DD8660079CD01 /* GroupTableViewController.swift */ = {isa = PBXFileReference; fileEncoding = 4; lastKnownFileType = sourcecode.swift; path = GroupTableViewController.swift; sourceTree = "<group>"; };
		BB2385851B3DD8820079CD01 /* PlanHub-Bridging-Header.h */ = {isa = PBXFileReference; lastKnownFileType = sourcecode.c.h; path = "PlanHub-Bridging-Header.h"; sourceTree = "<group>"; };
		BB2385891B3DD9640079CD01 /* Message.swift */ = {isa = PBXFileReference; fileEncoding = 4; lastKnownFileType = sourcecode.swift; path = Message.swift; sourceTree = "<group>"; };
		BB30CD491B439B60004B3177 /* MessagesViewController.swift */ = {isa = PBXFileReference; fileEncoding = 4; indentWidth = 2; lastKnownFileType = sourcecode.swift; path = MessagesViewController.swift; sourceTree = "<group>"; };
		BB7DA5101B42C8100018B530 /* aUser.swift */ = {isa = PBXFileReference; fileEncoding = 4; lastKnownFileType = sourcecode.swift; path = aUser.swift; sourceTree = "<group>"; };
		C69E1ED99EE2CDC099C2BF19 /* Pods-PlanHub.release.xcconfig */ = {isa = PBXFileReference; includeInIndex = 1; lastKnownFileType = text.xcconfig; name = "Pods-PlanHub.release.xcconfig"; path = "Pods/Target Support Files/Pods-PlanHub/Pods-PlanHub.release.xcconfig"; sourceTree = "<group>"; };
		D6067A492048851F00B69F70 /* PlanHub.entitlements */ = {isa = PBXFileReference; lastKnownFileType = text.plist.entitlements; path = PlanHub.entitlements; sourceTree = "<group>"; };
		D662C0A120489729000DF94C /* Group.swift */ = {isa = PBXFileReference; lastKnownFileType = sourcecode.swift; path = Group.swift; sourceTree = "<group>"; };
		D6710ECC204F18D300C1FBF4 /* ManageGroupViewController.swift */ = {isa = PBXFileReference; fileEncoding = 4; lastKnownFileType = sourcecode.swift; path = ManageGroupViewController.swift; sourceTree = "<group>"; };
		D68C49192048F67200A51271 /* GoogleService-Info.plist */ = {isa = PBXFileReference; fileEncoding = 4; lastKnownFileType = text.plist.xml; name = "GoogleService-Info.plist"; path = "PlanHub/GoogleService-Info.plist"; sourceTree = "<group>"; };
		E066549912073B935DB21AAA /* Pods_PlanHub.framework */ = {isa = PBXFileReference; explicitFileType = wrapper.framework; includeInIndex = 0; path = Pods_PlanHub.framework; sourceTree = BUILT_PRODUCTS_DIR; };
/* End PBXFileReference section */

/* Begin PBXFrameworksBuildPhase section */
		BB2385591B3DD5AB0079CD01 /* Frameworks */ = {
			isa = PBXFrameworksBuildPhase;
			buildActionMask = 2147483647;
			files = (
				91CE5D6CBE1B02ABDE1FDF86 /* Pods_PlanHub.framework in Frameworks */,
			);
			runOnlyForDeploymentPostprocessing = 0;
		};
/* End PBXFrameworksBuildPhase section */

/* Begin PBXGroup section */
		3F863251C518366B2A9D6395 /* Pods */ = {
			isa = PBXGroup;
			children = (
				8B026203FC802638E0DC4AFB /* Pods-PlanHub.debug.xcconfig */,
				C69E1ED99EE2CDC099C2BF19 /* Pods-PlanHub.release.xcconfig */,
			);
			name = Pods;
			sourceTree = "<group>";
		};
		AF4425DFA051C99A5AE486EF /* Frameworks */ = {
			isa = PBXGroup;
			children = (
				E066549912073B935DB21AAA /* Pods_PlanHub.framework */,
			);
			name = Frameworks;
			sourceTree = "<group>";
		};
		BB2385531B3DD5AB0079CD01 = {
			isa = PBXGroup;
			children = (
				D68C49192048F67200A51271 /* GoogleService-Info.plist */,
				BB23855E1B3DD5AB0079CD01 /* PlanHub */,
				BB23855D1B3DD5AB0079CD01 /* Products */,
				3F863251C518366B2A9D6395 /* Pods */,
				AF4425DFA051C99A5AE486EF /* Frameworks */,
			);
			indentWidth = 2;
			sourceTree = "<group>";
			tabWidth = 2;
		};
		BB23855D1B3DD5AB0079CD01 /* Products */ = {
			isa = PBXGroup;
			children = (
				BB23855C1B3DD5AB0079CD01 /* PlanHub.app */,
			);
			name = Products;
			sourceTree = "<group>";
		};
		BB23855E1B3DD5AB0079CD01 /* PlanHub */ = {
			isa = PBXGroup;
			children = (
				D6067A492048851F00B69F70 /* PlanHub.entitlements */,
				BB2385881B3DD9550079CD01 /* Models */,
				BB2385811B3DD8310079CD01 /* Controllers */,
				BB2385821B3DD8490079CD01 /* Layouts */,
				BB2385681B3DD5AB0079CD01 /* Images.xcassets */,
				BB7DA5121B42CA790018B530 /* Other */,
				BB23855F1B3DD5AB0079CD01 /* Supporting Files */,
			);
			path = PlanHub;
			sourceTree = "<group>";
		};
		BB23855F1B3DD5AB0079CD01 /* Supporting Files */ = {
			isa = PBXGroup;
			children = (
				BB2385601B3DD5AB0079CD01 /* Info.plist */,
				BB2385851B3DD8820079CD01 /* PlanHub-Bridging-Header.h */,
			);
			name = "Supporting Files";
			sourceTree = "<group>";
		};
		BB2385811B3DD8310079CD01 /* Controllers */ = {
			isa = PBXGroup;
			children = (
				BB2385631B3DD5AB0079CD01 /* LoginViewController.swift */,
				BB2385831B3DD8660079CD01 /* GroupTableViewController.swift */,
				D6710ECC204F18D300C1FBF4 /* ManageGroupViewController.swift */,
				BB30CD491B439B60004B3177 /* MessagesViewController.swift */,
			);
			name = Controllers;
			sourceTree = "<group>";
		};
		BB2385821B3DD8490079CD01 /* Layouts */ = {
			isa = PBXGroup;
			children = (
				BB2385651B3DD5AB0079CD01 /* Main.storyboard */,
				BB23856A1B3DD5AB0079CD01 /* LaunchScreen.xib */,
			);
			name = Layouts;
			sourceTree = "<group>";
		};
		BB2385881B3DD9550079CD01 /* Models */ = {
			isa = PBXGroup;
			children = (
				D662C0A120489729000DF94C /* Group.swift */,
				BB2385891B3DD9640079CD01 /* Message.swift */,
				BB7DA5101B42C8100018B530 /* aUser.swift */,
			);
			name = Models;
			sourceTree = "<group>";
		};
		BB7DA5121B42CA790018B530 /* Other */ = {
			isa = PBXGroup;
			children = (
				BB2385611B3DD5AB0079CD01 /* AppDelegate.swift */,
			);
			name = Other;
			sourceTree = "<group>";
		};
/* End PBXGroup section */

/* Begin PBXNativeTarget section */
		BB23855B1B3DD5AB0079CD01 /* PlanHub */ = {
			isa = PBXNativeTarget;
			buildConfigurationList = BB23857B1B3DD5AB0079CD01 /* Build configuration list for PBXNativeTarget "PlanHub" */;
			buildPhases = (
				334580828AE52206CD8E5DA0 /* [CP] Check Pods Manifest.lock */,
				BB2385581B3DD5AB0079CD01 /* Sources */,
				BB2385591B3DD5AB0079CD01 /* Frameworks */,
				BB23855A1B3DD5AB0079CD01 /* Resources */,
				B358BCB5E69F652472290296 /* [CP] Embed Pods Frameworks */,
				372770A569E7647B47ACB399 /* [CP] Copy Pods Resources */,
			);
			buildRules = (
			);
			dependencies = (
			);
			name = PlanHub;
			productName = PlanHub;
			productReference = BB23855C1B3DD5AB0079CD01 /* PlanHub.app */;
			productType = "com.apple.product-type.application";
		};
/* End PBXNativeTarget section */

/* Begin PBXProject section */
		BB2385541B3DD5AB0079CD01 /* Project object */ = {
			isa = PBXProject;
			attributes = {
				LastUpgradeCheck = 1010;
				ORGANIZATIONNAME = "Razeware LLC";
				TargetAttributes = {
					BB23855B1B3DD5AB0079CD01 = {
						CreatedOnToolsVersion = 6.3.1;
						DevelopmentTeam = SX8WPHKXYL;
						LastSwiftMigration = 0920;
						ProvisioningStyle = Automatic;
						SystemCapabilities = {
							com.apple.ApplicationGroups.iOS = {
								enabled = 0;
							};
							com.apple.Keychain = {
								enabled = 1;
							};
						};
					};
				};
			};
			buildConfigurationList = BB2385571B3DD5AB0079CD01 /* Build configuration list for PBXProject "PlanHub" */;
			compatibilityVersion = "Xcode 3.2";
			developmentRegion = English;
			hasScannedForEncodings = 0;
			knownRegions = (
				en,
				Base,
			);
			mainGroup = BB2385531B3DD5AB0079CD01;
			productRefGroup = BB23855D1B3DD5AB0079CD01 /* Products */;
			projectDirPath = "";
			projectRoot = "";
			targets = (
				BB23855B1B3DD5AB0079CD01 /* PlanHub */,
			);
		};
/* End PBXProject section */

/* Begin PBXResourcesBuildPhase section */
		BB23855A1B3DD5AB0079CD01 /* Resources */ = {
			isa = PBXResourcesBuildPhase;
			buildActionMask = 2147483647;
			files = (
				BB2385671B3DD5AB0079CD01 /* Main.storyboard in Resources */,
				D68C491A2048F67300A51271 /* GoogleService-Info.plist in Resources */,
				BB23856C1B3DD5AB0079CD01 /* LaunchScreen.xib in Resources */,
				BB2385691B3DD5AB0079CD01 /* Images.xcassets in Resources */,
			);
			runOnlyForDeploymentPostprocessing = 0;
		};
/* End PBXResourcesBuildPhase section */

/* Begin PBXShellScriptBuildPhase section */
		334580828AE52206CD8E5DA0 /* [CP] Check Pods Manifest.lock */ = {
			isa = PBXShellScriptBuildPhase;
			buildActionMask = 2147483647;
			files = (
			);
			inputPaths = (
				"${PODS_PODFILE_DIR_PATH}/Podfile.lock",
				"${PODS_ROOT}/Manifest.lock",
			);
			name = "[CP] Check Pods Manifest.lock";
			outputPaths = (
				"$(DERIVED_FILE_DIR)/Pods-PlanHub-checkManifestLockResult.txt",
			);
			runOnlyForDeploymentPostprocessing = 0;
			shellPath = /bin/sh;
			shellScript = "diff \"${PODS_PODFILE_DIR_PATH}/Podfile.lock\" \"${PODS_ROOT}/Manifest.lock\" > /dev/null\nif [ $? != 0 ] ; then\n    # print error to STDERR\n    echo \"error: The sandbox is not in sync with the Podfile.lock. Run 'pod install' or update your CocoaPods installation.\" >&2\n    exit 1\nfi\n# This output is used by Xcode 'outputs' to avoid re-running this script phase.\necho \"SUCCESS\" > \"${SCRIPT_OUTPUT_FILE_0}\"\n";
			showEnvVarsInLog = 0;
		};
		372770A569E7647B47ACB399 /* [CP] Copy Pods Resources */ = {
			isa = PBXShellScriptBuildPhase;
			buildActionMask = 2147483647;
			files = (
			);
			inputPaths = (
				"${SRCROOT}/Pods/Target Support Files/Pods-PlanHub/Pods-PlanHub-resources.sh",
				"${PODS_ROOT}/IQKeyboardManager/IQKeyboardManager/Resources/IQKeyboardManager.bundle",
			);
			name = "[CP] Copy Pods Resources";
			outputPaths = (
				"${TARGET_BUILD_DIR}/${UNLOCALIZED_RESOURCES_FOLDER_PATH}/IQKeyboardManager.bundle",
			);
			runOnlyForDeploymentPostprocessing = 0;
			shellPath = /bin/sh;
			shellScript = "\"${SRCROOT}/Pods/Target Support Files/Pods-PlanHub/Pods-PlanHub-resources.sh\"\n";
			showEnvVarsInLog = 0;
		};
		B358BCB5E69F652472290296 /* [CP] Embed Pods Frameworks */ = {
			isa = PBXShellScriptBuildPhase;
			buildActionMask = 2147483647;
			files = (
			);
			inputPaths = (
				"${SRCROOT}/Pods/Target Support Files/Pods-PlanHub/Pods-PlanHub-frameworks.sh",
				"${BUILT_PRODUCTS_DIR}/GTMSessionFetcher/GTMSessionFetcher.framework",
				"${BUILT_PRODUCTS_DIR}/GoogleToolboxForMac/GoogleToolboxForMac.framework",
				"${BUILT_PRODUCTS_DIR}/IQKeyboardManagerSwift/IQKeyboardManagerSwift.framework",
				"${BUILT_PRODUCTS_DIR}/leveldb-library/leveldb.framework",
				"${BUILT_PRODUCTS_DIR}/nanopb/nanopb.framework",
			);
			name = "[CP] Embed Pods Frameworks";
			outputPaths = (
				"${TARGET_BUILD_DIR}/${FRAMEWORKS_FOLDER_PATH}/GTMSessionFetcher.framework",
				"${TARGET_BUILD_DIR}/${FRAMEWORKS_FOLDER_PATH}/GoogleToolboxForMac.framework",
				"${TARGET_BUILD_DIR}/${FRAMEWORKS_FOLDER_PATH}/IQKeyboardManagerSwift.framework",
				"${TARGET_BUILD_DIR}/${FRAMEWORKS_FOLDER_PATH}/leveldb.framework",
				"${TARGET_BUILD_DIR}/${FRAMEWORKS_FOLDER_PATH}/nanopb.framework",
			);
			runOnlyForDeploymentPostprocessing = 0;
			shellPath = /bin/sh;
			shellScript = "\"${SRCROOT}/Pods/Target Support Files/Pods-PlanHub/Pods-PlanHub-frameworks.sh\"\n";
			showEnvVarsInLog = 0;
		};
/* End PBXShellScriptBuildPhase section */

/* Begin PBXSourcesBuildPhase section */
		BB2385581B3DD5AB0079CD01 /* Sources */ = {
			isa = PBXSourcesBuildPhase;
			buildActionMask = 2147483647;
			files = (
				BB2385641B3DD5AB0079CD01 /* LoginViewController.swift in Sources */,
				BB2385841B3DD8660079CD01 /* GroupTableViewController.swift in Sources */,
				BB23858A1B3DD9640079CD01 /* Message.swift in Sources */,
				BB30CD4A1B439B60004B3177 /* MessagesViewController.swift in Sources */,
				BB7DA5111B42C8100018B530 /* aUser.swift in Sources */,
				BB2385621B3DD5AB0079CD01 /* AppDelegate.swift in Sources */,
				D662C0A220489729000DF94C /* Group.swift in Sources */,
				D6710ECD204F18D300C1FBF4 /* ManageGroupViewController.swift in Sources */,
			);
			runOnlyForDeploymentPostprocessing = 0;
		};
/* End PBXSourcesBuildPhase section */

/* Begin PBXVariantGroup section */
		BB2385651B3DD5AB0079CD01 /* Main.storyboard */ = {
			isa = PBXVariantGroup;
			children = (
				BB2385661B3DD5AB0079CD01 /* Base */,
			);
			name = Main.storyboard;
			sourceTree = "<group>";
		};
		BB23856A1B3DD5AB0079CD01 /* LaunchScreen.xib */ = {
			isa = PBXVariantGroup;
			children = (
				BB23856B1B3DD5AB0079CD01 /* Base */,
			);
			name = LaunchScreen.xib;
			sourceTree = "<group>";
		};
/* End PBXVariantGroup section */

/* Begin XCBuildConfiguration section */
		BB2385791B3DD5AB0079CD01 /* Debug */ = {
			isa = XCBuildConfiguration;
			buildSettings = {
				ALWAYS_SEARCH_USER_PATHS = NO;
				CLANG_CXX_LANGUAGE_STANDARD = "gnu++0x";
				CLANG_CXX_LIBRARY = "libc++";
				CLANG_ENABLE_MODULES = YES;
				CLANG_ENABLE_OBJC_ARC = YES;
				CLANG_WARN_BLOCK_CAPTURE_AUTORELEASING = YES;
				CLANG_WARN_BOOL_CONVERSION = YES;
				CLANG_WARN_COMMA = YES;
				CLANG_WARN_CONSTANT_CONVERSION = YES;
				CLANG_WARN_DEPRECATED_OBJC_IMPLEMENTATIONS = YES;
				CLANG_WARN_DIRECT_OBJC_ISA_USAGE = YES_ERROR;
				CLANG_WARN_EMPTY_BODY = YES;
				CLANG_WARN_ENUM_CONVERSION = YES;
				CLANG_WARN_INFINITE_RECURSION = YES;
				CLANG_WARN_INT_CONVERSION = YES;
				CLANG_WARN_NON_LITERAL_NULL_CONVERSION = YES;
				CLANG_WARN_OBJC_IMPLICIT_RETAIN_SELF = YES;
				CLANG_WARN_OBJC_LITERAL_CONVERSION = YES;
				CLANG_WARN_OBJC_ROOT_CLASS = YES_ERROR;
				CLANG_WARN_RANGE_LOOP_ANALYSIS = YES;
				CLANG_WARN_STRICT_PROTOTYPES = YES;
				CLANG_WARN_SUSPICIOUS_MOVE = YES;
				CLANG_WARN_UNREACHABLE_CODE = YES;
				CLANG_WARN__DUPLICATE_METHOD_MATCH = YES;
				"CODE_SIGN_IDENTITY[sdk=iphoneos*]" = "iPhone Developer";
				COPY_PHASE_STRIP = NO;
				DEBUG_INFORMATION_FORMAT = "dwarf-with-dsym";
				ENABLE_STRICT_OBJC_MSGSEND = YES;
				ENABLE_TESTABILITY = YES;
				GCC_C_LANGUAGE_STANDARD = gnu99;
				GCC_DYNAMIC_NO_PIC = NO;
				GCC_NO_COMMON_BLOCKS = YES;
				GCC_OPTIMIZATION_LEVEL = 0;
				GCC_PREPROCESSOR_DEFINITIONS = (
					"DEBUG=1",
					"$(inherited)",
				);
				GCC_SYMBOLS_PRIVATE_EXTERN = NO;
				GCC_WARN_64_TO_32_BIT_CONVERSION = YES;
				GCC_WARN_ABOUT_RETURN_TYPE = YES_ERROR;
				GCC_WARN_UNDECLARED_SELECTOR = YES;
				GCC_WARN_UNINITIALIZED_AUTOS = YES_AGGRESSIVE;
				GCC_WARN_UNUSED_FUNCTION = YES;
				GCC_WARN_UNUSED_VARIABLE = YES;
				IPHONEOS_DEPLOYMENT_TARGET = 10.0;
				MTL_ENABLE_DEBUG_INFO = YES;
				ONLY_ACTIVE_ARCH = YES;
				SDKROOT = iphoneos;
				SWIFT_OPTIMIZATION_LEVEL = "-Onone";
			};
			name = Debug;
		};
		BB23857A1B3DD5AB0079CD01 /* Release */ = {
			isa = XCBuildConfiguration;
			buildSettings = {
				ALWAYS_SEARCH_USER_PATHS = NO;
				CLANG_CXX_LANGUAGE_STANDARD = "gnu++0x";
				CLANG_CXX_LIBRARY = "libc++";
				CLANG_ENABLE_MODULES = YES;
				CLANG_ENABLE_OBJC_ARC = YES;
				CLANG_WARN_BLOCK_CAPTURE_AUTORELEASING = YES;
				CLANG_WARN_BOOL_CONVERSION = YES;
				CLANG_WARN_COMMA = YES;
				CLANG_WARN_CONSTANT_CONVERSION = YES;
				CLANG_WARN_DEPRECATED_OBJC_IMPLEMENTATIONS = YES;
				CLANG_WARN_DIRECT_OBJC_ISA_USAGE = YES_ERROR;
				CLANG_WARN_EMPTY_BODY = YES;
				CLANG_WARN_ENUM_CONVERSION = YES;
				CLANG_WARN_INFINITE_RECURSION = YES;
				CLANG_WARN_INT_CONVERSION = YES;
				CLANG_WARN_NON_LITERAL_NULL_CONVERSION = YES;
				CLANG_WARN_OBJC_IMPLICIT_RETAIN_SELF = YES;
				CLANG_WARN_OBJC_LITERAL_CONVERSION = YES;
				CLANG_WARN_OBJC_ROOT_CLASS = YES_ERROR;
				CLANG_WARN_RANGE_LOOP_ANALYSIS = YES;
				CLANG_WARN_STRICT_PROTOTYPES = YES;
				CLANG_WARN_SUSPICIOUS_MOVE = YES;
				CLANG_WARN_UNREACHABLE_CODE = YES;
				CLANG_WARN__DUPLICATE_METHOD_MATCH = YES;
				"CODE_SIGN_IDENTITY[sdk=iphoneos*]" = "iPhone Developer";
				COPY_PHASE_STRIP = NO;
				DEBUG_INFORMATION_FORMAT = "dwarf-with-dsym";
				ENABLE_NS_ASSERTIONS = NO;
				ENABLE_STRICT_OBJC_MSGSEND = YES;
				GCC_C_LANGUAGE_STANDARD = gnu99;
				GCC_NO_COMMON_BLOCKS = YES;
				GCC_WARN_64_TO_32_BIT_CONVERSION = YES;
				GCC_WARN_ABOUT_RETURN_TYPE = YES_ERROR;
				GCC_WARN_UNDECLARED_SELECTOR = YES;
				GCC_WARN_UNINITIALIZED_AUTOS = YES_AGGRESSIVE;
				GCC_WARN_UNUSED_FUNCTION = YES;
				GCC_WARN_UNUSED_VARIABLE = YES;
				IPHONEOS_DEPLOYMENT_TARGET = 10.0;
				MTL_ENABLE_DEBUG_INFO = NO;
				SDKROOT = iphoneos;
				VALIDATE_PRODUCT = YES;
			};
			name = Release;
		};
		BB23857C1B3DD5AB0079CD01 /* Debug */ = {
			isa = XCBuildConfiguration;
			baseConfigurationReference = 8B026203FC802638E0DC4AFB /* Pods-PlanHub.debug.xcconfig */;
			buildSettings = {
				ASSETCATALOG_COMPILER_APPICON_NAME = AppIcon;
				CLANG_ENABLE_MODULES = YES;
				CODE_SIGN_ENTITLEMENTS = PlanHub/PlanHub.entitlements;
				CODE_SIGN_IDENTITY = "iPhone Developer";
				"CODE_SIGN_IDENTITY[sdk=iphoneos*]" = "iPhone Developer";
				DEVELOPMENT_TEAM = SX8WPHKXYL;
				ENABLE_BITCODE = NO;
				INFOPLIST_FILE = "$(SRCROOT)/PlanHub/Info.plist";
				IPHONEOS_DEPLOYMENT_TARGET = 11.0;
				LD_RUNPATH_SEARCH_PATHS = "$(inherited) @executable_path/Frameworks";
				PRODUCT_BUNDLE_IDENTIFIER = com.darkstar145.PlanHub;
				PRODUCT_NAME = "$(TARGET_NAME)";
				PROVISIONING_PROFILE = "";
				PROVISIONING_PROFILE_SPECIFIER = "";
				SWIFT_OBJC_BRIDGING_HEADER = "PlanHub/PlanHub-Bridging-Header.h";
				SWIFT_OPTIMIZATION_LEVEL = "-Onone";
				SWIFT_SWIFT3_OBJC_INFERENCE = On;
				SWIFT_VERSION = 4.0;
				TARGETED_DEVICE_FAMILY = 1;
			};
			name = Debug;
		};
		BB23857D1B3DD5AB0079CD01 /* Release */ = {
			isa = XCBuildConfiguration;
			baseConfigurationReference = C69E1ED99EE2CDC099C2BF19 /* Pods-PlanHub.release.xcconfig */;
			buildSettings = {
				ASSETCATALOG_COMPILER_APPICON_NAME = AppIcon;
				CLANG_ENABLE_MODULES = YES;
				CODE_SIGN_ENTITLEMENTS = PlanHub/PlanHub.entitlements;
				CODE_SIGN_IDENTITY = "iPhone Developer";
				"CODE_SIGN_IDENTITY[sdk=iphoneos*]" = "iPhone Developer";
				DEVELOPMENT_TEAM = SX8WPHKXYL;
				ENABLE_BITCODE = NO;
				INFOPLIST_FILE = "$(SRCROOT)/PlanHub/Info.plist";
				IPHONEOS_DEPLOYMENT_TARGET = 11.0;
				LD_RUNPATH_SEARCH_PATHS = "$(inherited) @executable_path/Frameworks";
				PRODUCT_BUNDLE_IDENTIFIER = com.darkstar145.PlanHub;
				PRODUCT_NAME = "$(TARGET_NAME)";
				PROVISIONING_PROFILE = "";
				SWIFT_OBJC_BRIDGING_HEADER = "PlanHub/PlanHub-Bridging-Header.h";
				SWIFT_OPTIMIZATION_LEVEL = "-Owholemodule";
				SWIFT_SWIFT3_OBJC_INFERENCE = On;
				SWIFT_VERSION = 4.0;
				TARGETED_DEVICE_FAMILY = 1;
			};
			name = Release;
		};
/* End XCBuildConfiguration section */

/* Begin XCConfigurationList section */
		BB2385571B3DD5AB0079CD01 /* Build configuration list for PBXProject "PlanHub" */ = {
			isa = XCConfigurationList;
			buildConfigurations = (
				BB2385791B3DD5AB0079CD01 /* Debug */,
				BB23857A1B3DD5AB0079CD01 /* Release */,
			);
			defaultConfigurationIsVisible = 0;
			defaultConfigurationName = Release;
		};
		BB23857B1B3DD5AB0079CD01 /* Build configuration list for PBXNativeTarget "PlanHub" */ = {
			isa = XCConfigurationList;
			buildConfigurations = (
				BB23857C1B3DD5AB0079CD01 /* Debug */,
				BB23857D1B3DD5AB0079CD01 /* Release */,
			);
			defaultConfigurationIsVisible = 0;
			defaultConfigurationName = Release;
		};
/* End XCConfigurationList section */
	};
	rootObject = BB2385541B3DD5AB0079CD01 /* Project object */;
}
